// !$*UTF8*$!
{
	archiveVersion = 1;
	classes = {
	};
	objectVersion = 56;
	objects = {

/* Begin PBXBuildFile section */
		26EC8FCE29F16203008FAC75 /* Tappp_ObjC.framework in Frameworks */ = {isa = PBXBuildFile; fileRef = 26EC8FC529F16203008FAC75 /* Tappp_ObjC.framework */; };
		26EC8FD329F16203008FAC75 /* Tappp_ObjCTests.m in Sources */ = {isa = PBXBuildFile; fileRef = 26EC8FD229F16203008FAC75 /* Tappp_ObjCTests.m */; };
		26EC8FD429F16203008FAC75 /* Tappp_ObjC.h in Headers */ = {isa = PBXBuildFile; fileRef = 26EC8FC829F16203008FAC75 /* Tappp_ObjC.h */; settings = {ATTRIBUTES = (Public, ); }; };
		26EC8FDF29F16241008FAC75 /* TapppPanelLibrary.h in Headers */ = {isa = PBXBuildFile; fileRef = 26EC8FDD29F16241008FAC75 /* TapppPanelLibrary.h */; };
		26EC8FE029F16241008FAC75 /* TapppPanelLibrary.m in Sources */ = {isa = PBXBuildFile; fileRef = 26EC8FDE29F16241008FAC75 /* TapppPanelLibrary.m */; };
		26EC8FE429F16A6D008FAC75 /* index.html in Resources */ = {isa = PBXBuildFile; fileRef = 26EC8FE229F16A6D008FAC75 /* index.html */; };
		26EC8FE529F16A6D008FAC75 /* tappp_ios.js in Resources */ = {isa = PBXBuildFile; fileRef = 26EC8FE329F16A6D008FAC75 /* tappp_ios.js */; };
/* End PBXBuildFile section */

/* Begin PBXContainerItemProxy section */
		26EC8FCF29F16203008FAC75 /* PBXContainerItemProxy */ = {
			isa = PBXContainerItemProxy;
			containerPortal = 26EC8FBC29F16203008FAC75 /* Project object */;
			proxyType = 1;
			remoteGlobalIDString = 26EC8FC429F16203008FAC75;
			remoteInfo = Tappp_ObjC;
		};
/* End PBXContainerItemProxy section */

/* Begin PBXFileReference section */
		26EC8FC529F16203008FAC75 /* Tappp_ObjC.framework */ = {isa = PBXFileReference; explicitFileType = wrapper.framework; includeInIndex = 0; path = Tappp_ObjC.framework; sourceTree = BUILT_PRODUCTS_DIR; };
		26EC8FC829F16203008FAC75 /* Tappp_ObjC.h */ = {isa = PBXFileReference; lastKnownFileType = sourcecode.c.h; path = Tappp_ObjC.h; sourceTree = "<group>"; };
		26EC8FCD29F16203008FAC75 /* Tappp_ObjCTests.xctest */ = {isa = PBXFileReference; explicitFileType = wrapper.cfbundle; includeInIndex = 0; path = Tappp_ObjCTests.xctest; sourceTree = BUILT_PRODUCTS_DIR; };
		26EC8FD229F16203008FAC75 /* Tappp_ObjCTests.m */ = {isa = PBXFileReference; lastKnownFileType = sourcecode.c.objc; path = Tappp_ObjCTests.m; sourceTree = "<group>"; };
		26EC8FDD29F16241008FAC75 /* TapppPanelLibrary.h */ = {isa = PBXFileReference; lastKnownFileType = sourcecode.c.h; path = TapppPanelLibrary.h; sourceTree = "<group>"; };
		26EC8FDE29F16241008FAC75 /* TapppPanelLibrary.m */ = {isa = PBXFileReference; lastKnownFileType = sourcecode.c.objc; path = TapppPanelLibrary.m; sourceTree = "<group>"; };
		26EC8FE229F16A6D008FAC75 /* index.html */ = {isa = PBXFileReference; fileEncoding = 4; lastKnownFileType = text.html; path = index.html; sourceTree = "<group>"; };
		26EC8FE329F16A6D008FAC75 /* tappp_ios.js */ = {isa = PBXFileReference; fileEncoding = 4; lastKnownFileType = sourcecode.javascript; path = tappp_ios.js; sourceTree = "<group>"; };
/* End PBXFileReference section */

/* Begin PBXFrameworksBuildPhase section */
		26EC8FC229F16203008FAC75 /* Frameworks */ = {
			isa = PBXFrameworksBuildPhase;
			buildActionMask = 2147483647;
			files = (
			);
			runOnlyForDeploymentPostprocessing = 0;
		};
		26EC8FCA29F16203008FAC75 /* Frameworks */ = {
			isa = PBXFrameworksBuildPhase;
			buildActionMask = 2147483647;
			files = (
				26EC8FCE29F16203008FAC75 /* Tappp_ObjC.framework in Frameworks */,
			);
			runOnlyForDeploymentPostprocessing = 0;
		};
/* End PBXFrameworksBuildPhase section */

/* Begin PBXGroup section */
		26EC8FBB29F16203008FAC75 = {
			isa = PBXGroup;
			children = (
				26EC8FC729F16203008FAC75 /* Tappp_ObjC */,
				26EC8FD129F16203008FAC75 /* Tappp_ObjCTests */,
				26EC8FC629F16203008FAC75 /* Products */,
			);
			sourceTree = "<group>";
		};
		26EC8FC629F16203008FAC75 /* Products */ = {
			isa = PBXGroup;
			children = (
				26EC8FC529F16203008FAC75 /* Tappp_ObjC.framework */,
				26EC8FCD29F16203008FAC75 /* Tappp_ObjCTests.xctest */,
			);
			name = Products;
			sourceTree = "<group>";
		};
		26EC8FC729F16203008FAC75 /* Tappp_ObjC */ = {
			isa = PBXGroup;
			children = (
				26EC8FE129F16A6D008FAC75 /* Resources */,
				26EC8FC829F16203008FAC75 /* Tappp_ObjC.h */,
				26EC8FDD29F16241008FAC75 /* TapppPanelLibrary.h */,
				26EC8FDE29F16241008FAC75 /* TapppPanelLibrary.m */,
			);
			path = Tappp_ObjC;
			sourceTree = "<group>";
		};
		26EC8FD129F16203008FAC75 /* Tappp_ObjCTests */ = {
			isa = PBXGroup;
			children = (
				26EC8FD229F16203008FAC75 /* Tappp_ObjCTests.m */,
			);
			path = Tappp_ObjCTests;
			sourceTree = "<group>";
		};
		26EC8FE129F16A6D008FAC75 /* Resources */ = {
			isa = PBXGroup;
			children = (
				26EC8FE229F16A6D008FAC75 /* index.html */,
				26EC8FE329F16A6D008FAC75 /* tappp_ios.js */,
			);
			path = Resources;
			sourceTree = "<group>";
		};
/* End PBXGroup section */

/* Begin PBXHeadersBuildPhase section */
		26EC8FC029F16203008FAC75 /* Headers */ = {
			isa = PBXHeadersBuildPhase;
			buildActionMask = 2147483647;
			files = (
				26EC8FD429F16203008FAC75 /* Tappp_ObjC.h in Headers */,
				26EC8FDF29F16241008FAC75 /* TapppPanelLibrary.h in Headers */,
			);
			runOnlyForDeploymentPostprocessing = 0;
		};
/* End PBXHeadersBuildPhase section */

/* Begin PBXNativeTarget section */
		26EC8FC429F16203008FAC75 /* Tappp_ObjC */ = {
			isa = PBXNativeTarget;
			buildConfigurationList = 26EC8FD729F16203008FAC75 /* Build configuration list for PBXNativeTarget "Tappp_ObjC" */;
			buildPhases = (
				26EC8FC029F16203008FAC75 /* Headers */,
				26EC8FC129F16203008FAC75 /* Sources */,
				26EC8FC229F16203008FAC75 /* Frameworks */,
				26EC8FC329F16203008FAC75 /* Resources */,
			);
			buildRules = (
			);
			dependencies = (
			);
			name = Tappp_ObjC;
			productName = Tappp_ObjC;
			productReference = 26EC8FC529F16203008FAC75 /* Tappp_ObjC.framework */;
			productType = "com.apple.product-type.framework";
		};
		26EC8FCC29F16203008FAC75 /* Tappp_ObjCTests */ = {
			isa = PBXNativeTarget;
			buildConfigurationList = 26EC8FDA29F16203008FAC75 /* Build configuration list for PBXNativeTarget "Tappp_ObjCTests" */;
			buildPhases = (
				26EC8FC929F16203008FAC75 /* Sources */,
				26EC8FCA29F16203008FAC75 /* Frameworks */,
				26EC8FCB29F16203008FAC75 /* Resources */,
			);
			buildRules = (
			);
			dependencies = (
				26EC8FD029F16203008FAC75 /* PBXTargetDependency */,
			);
			name = Tappp_ObjCTests;
			productName = Tappp_ObjCTests;
			productReference = 26EC8FCD29F16203008FAC75 /* Tappp_ObjCTests.xctest */;
			productType = "com.apple.product-type.bundle.unit-test";
		};
/* End PBXNativeTarget section */

/* Begin PBXProject section */
		26EC8FBC29F16203008FAC75 /* Project object */ = {
			isa = PBXProject;
			attributes = {
				BuildIndependentTargetsInParallel = 1;
				LastUpgradeCheck = 1430;
				TargetAttributes = {
					26EC8FC429F16203008FAC75 = {
						CreatedOnToolsVersion = 14.3;
					};
					26EC8FCC29F16203008FAC75 = {
						CreatedOnToolsVersion = 14.3;
					};
				};
			};
			buildConfigurationList = 26EC8FBF29F16203008FAC75 /* Build configuration list for PBXProject "Tappp_ObjC" */;
			compatibilityVersion = "Xcode 14.0";
			developmentRegion = en;
			hasScannedForEncodings = 0;
			knownRegions = (
				en,
				Base,
			);
			mainGroup = 26EC8FBB29F16203008FAC75;
			productRefGroup = 26EC8FC629F16203008FAC75 /* Products */;
			projectDirPath = "";
			projectRoot = "";
			targets = (
				26EC8FC429F16203008FAC75 /* Tappp_ObjC */,
				26EC8FCC29F16203008FAC75 /* Tappp_ObjCTests */,
			);
		};
/* End PBXProject section */

/* Begin PBXResourcesBuildPhase section */
		26EC8FC329F16203008FAC75 /* Resources */ = {
			isa = PBXResourcesBuildPhase;
			buildActionMask = 2147483647;
			files = (
				26EC8FE529F16A6D008FAC75 /* tappp_ios.js in Resources */,
				26EC8FE429F16A6D008FAC75 /* index.html in Resources */,
			);
			runOnlyForDeploymentPostprocessing = 0;
		};
		26EC8FCB29F16203008FAC75 /* Resources */ = {
			isa = PBXResourcesBuildPhase;
			buildActionMask = 2147483647;
			files = (
			);
			runOnlyForDeploymentPostprocessing = 0;
		};
/* End PBXResourcesBuildPhase section */

/* Begin PBXSourcesBuildPhase section */
		26EC8FC129F16203008FAC75 /* Sources */ = {
			isa = PBXSourcesBuildPhase;
			buildActionMask = 2147483647;
			files = (
				26EC8FE029F16241008FAC75 /* TapppPanelLibrary.m in Sources */,
			);
			runOnlyForDeploymentPostprocessing = 0;
		};
		26EC8FC929F16203008FAC75 /* Sources */ = {
			isa = PBXSourcesBuildPhase;
			buildActionMask = 2147483647;
			files = (
				26EC8FD329F16203008FAC75 /* Tappp_ObjCTests.m in Sources */,
			);
			runOnlyForDeploymentPostprocessing = 0;
		};
/* End PBXSourcesBuildPhase section */

/* Begin PBXTargetDependency section */
		26EC8FD029F16203008FAC75 /* PBXTargetDependency */ = {
			isa = PBXTargetDependency;
			target = 26EC8FC429F16203008FAC75 /* Tappp_ObjC */;
			targetProxy = 26EC8FCF29F16203008FAC75 /* PBXContainerItemProxy */;
		};
/* End PBXTargetDependency section */

/* Begin XCBuildConfiguration section */
		26EC8FD529F16203008FAC75 /* Debug */ = {
			isa = XCBuildConfiguration;
			buildSettings = {
				ALWAYS_SEARCH_USER_PATHS = NO;
				CLANG_ANALYZER_NONNULL = YES;
				CLANG_ANALYZER_NUMBER_OBJECT_CONVERSION = YES_AGGRESSIVE;
				CLANG_CXX_LANGUAGE_STANDARD = "gnu++20";
				CLANG_ENABLE_MODULES = YES;
				CLANG_ENABLE_OBJC_ARC = YES;
				CLANG_ENABLE_OBJC_WEAK = YES;
				CLANG_WARN_BLOCK_CAPTURE_AUTORELEASING = YES;
				CLANG_WARN_BOOL_CONVERSION = YES;
				CLANG_WARN_COMMA = YES;
				CLANG_WARN_CONSTANT_CONVERSION = YES;
				CLANG_WARN_DEPRECATED_OBJC_IMPLEMENTATIONS = YES;
				CLANG_WARN_DIRECT_OBJC_ISA_USAGE = YES_ERROR;
				CLANG_WARN_DOCUMENTATION_COMMENTS = YES;
				CLANG_WARN_EMPTY_BODY = YES;
				CLANG_WARN_ENUM_CONVERSION = YES;
				CLANG_WARN_INFINITE_RECURSION = YES;
				CLANG_WARN_INT_CONVERSION = YES;
				CLANG_WARN_NON_LITERAL_NULL_CONVERSION = YES;
				CLANG_WARN_OBJC_IMPLICIT_RETAIN_SELF = YES;
				CLANG_WARN_OBJC_LITERAL_CONVERSION = YES;
				CLANG_WARN_OBJC_ROOT_CLASS = YES_ERROR;
				CLANG_WARN_QUOTED_INCLUDE_IN_FRAMEWORK_HEADER = YES;
				CLANG_WARN_RANGE_LOOP_ANALYSIS = YES;
				CLANG_WARN_STRICT_PROTOTYPES = YES;
				CLANG_WARN_SUSPICIOUS_MOVE = YES;
				CLANG_WARN_UNGUARDED_AVAILABILITY = YES_AGGRESSIVE;
				CLANG_WARN_UNREACHABLE_CODE = YES;
				CLANG_WARN__DUPLICATE_METHOD_MATCH = YES;
				COPY_PHASE_STRIP = NO;
				CURRENT_PROJECT_VERSION = 1;
				DEBUG_INFORMATION_FORMAT = dwarf;
				ENABLE_STRICT_OBJC_MSGSEND = YES;
				ENABLE_TESTABILITY = YES;
				GCC_C_LANGUAGE_STANDARD = gnu11;
				GCC_DYNAMIC_NO_PIC = NO;
				GCC_NO_COMMON_BLOCKS = YES;
				GCC_OPTIMIZATION_LEVEL = 0;
				GCC_PREPROCESSOR_DEFINITIONS = (
					"DEBUG=1",
					"$(inherited)",
				);
				GCC_WARN_64_TO_32_BIT_CONVERSION = YES;
				GCC_WARN_ABOUT_RETURN_TYPE = YES_ERROR;
				GCC_WARN_UNDECLARED_SELECTOR = YES;
				GCC_WARN_UNINITIALIZED_AUTOS = YES_AGGRESSIVE;
				GCC_WARN_UNUSED_FUNCTION = YES;
				GCC_WARN_UNUSED_VARIABLE = YES;
				IPHONEOS_DEPLOYMENT_TARGET = 16.4;
				MTL_ENABLE_DEBUG_INFO = INCLUDE_SOURCE;
				MTL_FAST_MATH = YES;
				ONLY_ACTIVE_ARCH = YES;
				SDKROOT = iphoneos;
				VERSIONING_SYSTEM = "apple-generic";
				VERSION_INFO_PREFIX = "";
			};
			name = Debug;
		};
		26EC8FD629F16203008FAC75 /* Release */ = {
			isa = XCBuildConfiguration;
			buildSettings = {
				ALWAYS_SEARCH_USER_PATHS = NO;
				CLANG_ANALYZER_NONNULL = YES;
				CLANG_ANALYZER_NUMBER_OBJECT_CONVERSION = YES_AGGRESSIVE;
				CLANG_CXX_LANGUAGE_STANDARD = "gnu++20";
				CLANG_ENABLE_MODULES = YES;
				CLANG_ENABLE_OBJC_ARC = YES;
				CLANG_ENABLE_OBJC_WEAK = YES;
				CLANG_WARN_BLOCK_CAPTURE_AUTORELEASING = YES;
				CLANG_WARN_BOOL_CONVERSION = YES;
				CLANG_WARN_COMMA = YES;
				CLANG_WARN_CONSTANT_CONVERSION = YES;
				CLANG_WARN_DEPRECATED_OBJC_IMPLEMENTATIONS = YES;
				CLANG_WARN_DIRECT_OBJC_ISA_USAGE = YES_ERROR;
				CLANG_WARN_DOCUMENTATION_COMMENTS = YES;
				CLANG_WARN_EMPTY_BODY = YES;
				CLANG_WARN_ENUM_CONVERSION = YES;
				CLANG_WARN_INFINITE_RECURSION = YES;
				CLANG_WARN_INT_CONVERSION = YES;
				CLANG_WARN_NON_LITERAL_NULL_CONVERSION = YES;
				CLANG_WARN_OBJC_IMPLICIT_RETAIN_SELF = YES;
				CLANG_WARN_OBJC_LITERAL_CONVERSION = YES;
				CLANG_WARN_OBJC_ROOT_CLASS = YES_ERROR;
				CLANG_WARN_QUOTED_INCLUDE_IN_FRAMEWORK_HEADER = YES;
				CLANG_WARN_RANGE_LOOP_ANALYSIS = YES;
				CLANG_WARN_STRICT_PROTOTYPES = YES;
				CLANG_WARN_SUSPICIOUS_MOVE = YES;
				CLANG_WARN_UNGUARDED_AVAILABILITY = YES_AGGRESSIVE;
				CLANG_WARN_UNREACHABLE_CODE = YES;
				CLANG_WARN__DUPLICATE_METHOD_MATCH = YES;
				COPY_PHASE_STRIP = NO;
				CURRENT_PROJECT_VERSION = 1;
				DEBUG_INFORMATION_FORMAT = "dwarf-with-dsym";
				ENABLE_NS_ASSERTIONS = NO;
				ENABLE_STRICT_OBJC_MSGSEND = YES;
				GCC_C_LANGUAGE_STANDARD = gnu11;
				GCC_NO_COMMON_BLOCKS = YES;
				GCC_WARN_64_TO_32_BIT_CONVERSION = YES;
				GCC_WARN_ABOUT_RETURN_TYPE = YES_ERROR;
				GCC_WARN_UNDECLARED_SELECTOR = YES;
				GCC_WARN_UNINITIALIZED_AUTOS = YES_AGGRESSIVE;
				GCC_WARN_UNUSED_FUNCTION = YES;
				GCC_WARN_UNUSED_VARIABLE = YES;
				IPHONEOS_DEPLOYMENT_TARGET = 16.4;
				MTL_ENABLE_DEBUG_INFO = NO;
				MTL_FAST_MATH = YES;
				SDKROOT = iphoneos;
				VALIDATE_PRODUCT = YES;
				VERSIONING_SYSTEM = "apple-generic";
				VERSION_INFO_PREFIX = "";
			};
			name = Release;
		};
		26EC8FD829F16203008FAC75 /* Debug */ = {
			isa = XCBuildConfiguration;
			buildSettings = {
				CODE_SIGN_STYLE = Automatic;
				CURRENT_PROJECT_VERSION = 1;
				DEFINES_MODULE = YES;
				DYLIB_COMPATIBILITY_VERSION = 1;
				DYLIB_CURRENT_VERSION = 1;
				DYLIB_INSTALL_NAME_BASE = "@rpath";
				ENABLE_MODULE_VERIFIER = YES;
				GENERATE_INFOPLIST_FILE = YES;
				INFOPLIST_KEY_NSHumanReadableCopyright = "";
				INSTALL_PATH = "$(LOCAL_LIBRARY_DIR)/Frameworks";
				LD_RUNPATH_SEARCH_PATHS = (
					"$(inherited)",
					"@executable_path/Frameworks",
					"@loader_path/Frameworks",
				);
				MARKETING_VERSION = 1.0;
				MODULE_VERIFIER_SUPPORTED_LANGUAGES = "objective-c objective-c++";
				MODULE_VERIFIER_SUPPORTED_LANGUAGE_STANDARDS = "gnu11 gnu++20";
				PRODUCT_BUNDLE_IDENTIFIER = "ravi.Tappp-ObjC";
				PRODUCT_NAME = "$(TARGET_NAME:c99extidentifier)";
				SKIP_INSTALL = YES;
				SWIFT_EMIT_LOC_STRINGS = YES;
				TARGETED_DEVICE_FAMILY = "1,2";
			};
			name = Debug;
		};
		26EC8FD929F16203008FAC75 /* Release */ = {
			isa = XCBuildConfiguration;
			buildSettings = {
				CODE_SIGN_STYLE = Automatic;
				CURRENT_PROJECT_VERSION = 1;
				DEFINES_MODULE = YES;
				DYLIB_COMPATIBILITY_VERSION = 1;
				DYLIB_CURRENT_VERSION = 1;
				DYLIB_INSTALL_NAME_BASE = "@rpath";
				ENABLE_MODULE_VERIFIER = YES;
				GENERATE_INFOPLIST_FILE = YES;
				INFOPLIST_KEY_NSHumanReadableCopyright = "";
				INSTALL_PATH = "$(LOCAL_LIBRARY_DIR)/Frameworks";
				LD_RUNPATH_SEARCH_PATHS = (
					"$(inherited)",
					"@executable_path/Frameworks",
					"@loader_path/Frameworks",
				);
				MARKETING_VERSION = 1.0;
				MODULE_VERIFIER_SUPPORTED_LANGUAGES = "objective-c objective-c++";
				MODULE_VERIFIER_SUPPORTED_LANGUAGE_STANDARDS = "gnu11 gnu++20";
				PRODUCT_BUNDLE_IDENTIFIER = "ravi.Tappp-ObjC";
				PRODUCT_NAME = "$(TARGET_NAME:c99extidentifier)";
				SKIP_INSTALL = YES;
				SWIFT_EMIT_LOC_STRINGS = YES;
				TARGETED_DEVICE_FAMILY = "1,2";
			};
			name = Release;
		};
		26EC8FDB29F16203008FAC75 /* Debug */ = {
			isa = XCBuildConfiguration;
			buildSettings = {
				CODE_SIGN_STYLE = Automatic;
				CURRENT_PROJECT_VERSION = 1;
				GENERATE_INFOPLIST_FILE = YES;
				MARKETING_VERSION = 1.0;
				PRODUCT_BUNDLE_IDENTIFIER = "ravi.Tappp-ObjCTests";
				PRODUCT_NAME = "$(TARGET_NAME)";
				SWIFT_EMIT_LOC_STRINGS = NO;
				TARGETED_DEVICE_FAMILY = "1,2";
			};
			name = Debug;
		};
		26EC8FDC29F16203008FAC75 /* Release */ = {
			isa = XCBuildConfiguration;
			buildSettings = {
				CODE_SIGN_STYLE = Automatic;
				CURRENT_PROJECT_VERSION = 1;
				GENERATE_INFOPLIST_FILE = YES;
				MARKETING_VERSION = 1.0;
				PRODUCT_BUNDLE_IDENTIFIER = "ravi.Tappp-ObjCTests";
				PRODUCT_NAME = "$(TARGET_NAME)";
				SWIFT_EMIT_LOC_STRINGS = NO;
				TARGETED_DEVICE_FAMILY = "1,2";
			};
			name = Release;
		};
/* End XCBuildConfiguration section */

/* Begin XCConfigurationList section */
		26EC8FBF29F16203008FAC75 /* Build configuration list for PBXProject "Tappp_ObjC" */ = {
			isa = XCConfigurationList;
			buildConfigurations = (
				26EC8FD529F16203008FAC75 /* Debug */,
				26EC8FD629F16203008FAC75 /* Release */,
			);
			defaultConfigurationIsVisible = 0;
			defaultConfigurationName = Release;
		};
		26EC8FD729F16203008FAC75 /* Build configuration list for PBXNativeTarget "Tappp_ObjC" */ = {
			isa = XCConfigurationList;
			buildConfigurations = (
				26EC8FD829F16203008FAC75 /* Debug */,
				26EC8FD929F16203008FAC75 /* Release */,
			);
			defaultConfigurationIsVisible = 0;
			defaultConfigurationName = Release;
		};
		26EC8FDA29F16203008FAC75 /* Build configuration list for PBXNativeTarget "Tappp_ObjCTests" */ = {
			isa = XCConfigurationList;
			buildConfigurations = (
				26EC8FDB29F16203008FAC75 /* Debug */,
				26EC8FDC29F16203008FAC75 /* Release */,
			);
			defaultConfigurationIsVisible = 0;
			defaultConfigurationName = Release;
		};
/* End XCConfigurationList section */
	};
	rootObject = 26EC8FBC29F16203008FAC75 /* Project object */;
}
